
Microsoft Visual Studio Solution File, Format Version 12.00
# Visual Studio Version 16
VisualStudioVersion = 16.0.29230.47
MinimumVisualStudioVersion = 10.0.40219.1
Project("{9A19103F-16F7-4668-BE54-9A1E7A4F7556}") = "BagelBoss.API.API", "BagelBoss.API.API\BagelBoss.API.API.csproj", "{8EF91299-3740-4303-A0CD-9F0B9BFB7515}"
EndProject
Project("{2150E333-8FDC-42A3-9474-1A3956D46DE8}") = "Solution Items", "Solution Items", "{42A10933-CA59-4C23-ACE7-387A58B4EF75}"
	ProjectSection(SolutionItems) = preProject
		.gitignore = .gitignore
	EndProjectSection
EndProject
Global
	GlobalSection(SolutionConfigurationPlatforms) = preSolution
		Debug|Any CPU = Debug|Any CPU
		Release|Any CPU = Release|Any CPU
	EndGlobalSection
	GlobalSection(ProjectConfigurationPlatforms) = postSolution
		{8EF91299-3740-4303-A0CD-9F0B9BFB7515}.Debug|Any CPU.ActiveCfg = Debug|Any CPU
		{8EF91299-3740-4303-A0CD-9F0B9BFB7515}.Debug|Any CPU.Build.0 = Debug|Any CPU
		{8EF91299-3740-4303-A0CD-9F0B9BFB7515}.Release|Any CPU.ActiveCfg = Release|Any CPU
		{8EF91299-3740-4303-A0CD-9F0B9BFB7515}.Release|Any CPU.Build.0 = Release|Any CPU
	EndGlobalSection
	GlobalSection(SolutionProperties) = preSolution
		HideSolutionNode = FALSE
	EndGlobalSection
	GlobalSection(ExtensibilityGlobals) = postSolution
		SolutionGuid = {3B6155EB-C03C-4D5F-ADB6-E0E26B362868}
	EndGlobalSection
EndGlobal
